{
  "name": "sitecraft-gallery",
  "version": "1.0.0",
  "lockfileVersion": 3,
  "requires": true,
  "packages": {
    "": {
      "name": "sitecraft-gallery",
      "version": "1.0.0",
      "license": "CC0-1.0",
      "devDependencies": {
        "sitecraft": "file:../SiteCraft"
      }
    },
    "../SiteCraft": {
      "name": "sitecraft",
      "version": "1.0.7",
      "dev": true,
      "license": "ISC",
      "dependencies": {
        "chokidar": "3.4.3",
        "consolecolors": "^0.33.2-b",
        "js-yaml": "^4.1.0",
        "live-server": "^1.2.2",
        "marked": "^5.1.0",
        "pug": "^3.0.2",
        "stylus": "^0.59.0"
      },
      "bin": {
        "sitecraft": "src/index.mjs"
      },
      "devDependencies": {
        "eslint": "^8.42.0",
        "eslint-config-standard": "^17.1.0",
        "eslint-plugin-import": "^2.27.5",
        "eslint-plugin-n": "^16.0.0",
        "eslint-plugin-promise": "^6.1.1"
      }
    },
    "node_modules/sitecraft": {
      "resolved": "../SiteCraft",
      "link": true
    }
  }
}
